// !$*UTF8*$!
{
	archiveVersion = 1;
	classes = {
	};
	objectVersion = 50;
	objects = {

/* Begin PBXBuildFile section */
		D3CACAD621D4F7A000AC45FC /* AppDelegate.swift in Sources */ = {isa = PBXBuildFile; fileRef = D3CACAD521D4F7A000AC45FC /* AppDelegate.swift */; };
		D3CACAD821D4F7A000AC45FC /* TodoListViewController.swift in Sources */ = {isa = PBXBuildFile; fileRef = D3CACAD721D4F7A000AC45FC /* TodoListViewController.swift */; };
		D3CACADB21D4F7A000AC45FC /* Main.storyboard in Resources */ = {isa = PBXBuildFile; fileRef = D3CACAD921D4F7A000AC45FC /* Main.storyboard */; };
		D3CACADD21D4F7A000AC45FC /* Assets.xcassets in Resources */ = {isa = PBXBuildFile; fileRef = D3CACADC21D4F7A000AC45FC /* Assets.xcassets */; };
		D3CACAE021D4F7A000AC45FC /* LaunchScreen.storyboard in Resources */ = {isa = PBXBuildFile; fileRef = D3CACADE21D4F7A000AC45FC /* LaunchScreen.storyboard */; };
		D3CACAEF21D77AA400AC45FC /* DataModel.xcdatamodeld in Sources */ = {isa = PBXBuildFile; fileRef = D3CACAED21D77AA400AC45FC /* DataModel.xcdatamodeld */; };
		D3CACB1421D8CF9A00AC45FC /* CategoryTableViewController.swift in Sources */ = {isa = PBXBuildFile; fileRef = D3CACB1321D8CF9A00AC45FC /* CategoryTableViewController.swift */; };
		D3CACB1C21DC914400AC45FC /* TodoeyUITests.swift in Sources */ = {isa = PBXBuildFile; fileRef = D3CACB1B21DC914400AC45FC /* TodoeyUITests.swift */; };
		D3CACB2421DC918E00AC45FC /* TestTodoey.swift in Sources */ = {isa = PBXBuildFile; fileRef = D3CACB2321DC918E00AC45FC /* TestTodoey.swift */; };
/* End PBXBuildFile section */

/* Begin PBXContainerItemProxy section */
		D3CACB1E21DC914500AC45FC /* PBXContainerItemProxy */ = {
			isa = PBXContainerItemProxy;
			containerPortal = D3CACACA21D4F7A000AC45FC /* Project object */;
			proxyType = 1;
			remoteGlobalIDString = D3CACAD121D4F7A000AC45FC;
			remoteInfo = Todoey;
		};
/* End PBXContainerItemProxy section */

/* Begin PBXFileReference section */
		D3CACAD221D4F7A000AC45FC /* Todoey.app */ = {isa = PBXFileReference; explicitFileType = wrapper.application; includeInIndex = 0; path = Todoey.app; sourceTree = BUILT_PRODUCTS_DIR; };
		D3CACAD521D4F7A000AC45FC /* AppDelegate.swift */ = {isa = PBXFileReference; lastKnownFileType = sourcecode.swift; path = AppDelegate.swift; sourceTree = "<group>"; };
		D3CACAD721D4F7A000AC45FC /* TodoListViewController.swift */ = {isa = PBXFileReference; lastKnownFileType = sourcecode.swift; path = TodoListViewController.swift; sourceTree = "<group>"; };
		D3CACADA21D4F7A000AC45FC /* Base */ = {isa = PBXFileReference; lastKnownFileType = file.storyboard; name = Base; path = Base.lproj/Main.storyboard; sourceTree = "<group>"; };
		D3CACADC21D4F7A000AC45FC /* Assets.xcassets */ = {isa = PBXFileReference; lastKnownFileType = folder.assetcatalog; path = Assets.xcassets; sourceTree = "<group>"; };
		D3CACADF21D4F7A000AC45FC /* Base */ = {isa = PBXFileReference; lastKnownFileType = file.storyboard; name = Base; path = Base.lproj/LaunchScreen.storyboard; sourceTree = "<group>"; };
		D3CACAE121D4F7A000AC45FC /* Info.plist */ = {isa = PBXFileReference; lastKnownFileType = text.plist.xml; path = Info.plist; sourceTree = "<group>"; };
		D3CACAEE21D77AA400AC45FC /* DataModel.xcdatamodel */ = {isa = PBXFileReference; lastKnownFileType = wrapper.xcdatamodel; path = DataModel.xcdatamodel; sourceTree = "<group>"; };
		D3CACB1321D8CF9A00AC45FC /* CategoryTableViewController.swift */ = {isa = PBXFileReference; lastKnownFileType = sourcecode.swift; path = CategoryTableViewController.swift; sourceTree = "<group>"; };
		D3CACB1921DC914400AC45FC /* TodoeyUITests.xctest */ = {isa = PBXFileReference; explicitFileType = wrapper.cfbundle; includeInIndex = 0; path = TodoeyUITests.xctest; sourceTree = BUILT_PRODUCTS_DIR; };
		D3CACB1B21DC914400AC45FC /* TodoeyUITests.swift */ = {isa = PBXFileReference; lastKnownFileType = sourcecode.swift; path = TodoeyUITests.swift; sourceTree = "<group>"; };
		D3CACB1D21DC914500AC45FC /* Info.plist */ = {isa = PBXFileReference; lastKnownFileType = text.plist.xml; path = Info.plist; sourceTree = "<group>"; };
		D3CACB2321DC918E00AC45FC /* TestTodoey.swift */ = {isa = PBXFileReference; lastKnownFileType = sourcecode.swift; path = TestTodoey.swift; sourceTree = "<group>"; };
/* End PBXFileReference section */

/* Begin PBXFrameworksBuildPhase section */
		D3CACACF21D4F7A000AC45FC /* Frameworks */ = {
			isa = PBXFrameworksBuildPhase;
			buildActionMask = 2147483647;
			files = (
			);
			runOnlyForDeploymentPostprocessing = 0;
		};
		D3CACB1621DC914400AC45FC /* Frameworks */ = {
			isa = PBXFrameworksBuildPhase;
			buildActionMask = 2147483647;
			files = (
			);
			runOnlyForDeploymentPostprocessing = 0;
		};
/* End PBXFrameworksBuildPhase section */

/* Begin PBXGroup section */
		D3CACAC921D4F7A000AC45FC = {
			isa = PBXGroup;
			children = (
				D3CACAD421D4F7A000AC45FC /* Todoey */,
				D3CACB1A21DC914400AC45FC /* TodoeyUITests */,
				D3CACAD321D4F7A000AC45FC /* Products */,
			);
			sourceTree = "<group>";
		};
		D3CACAD321D4F7A000AC45FC /* Products */ = {
			isa = PBXGroup;
			children = (
				D3CACAD221D4F7A000AC45FC /* Todoey.app */,
				D3CACB1921DC914400AC45FC /* TodoeyUITests.xctest */,
			);
			name = Products;
			sourceTree = "<group>";
		};
		D3CACAD421D4F7A000AC45FC /* Todoey */ = {
			isa = PBXGroup;
			children = (
				D3CACAEA21D6445A00AC45FC /* Controllers */,
				D3CACAE921D6444C00AC45FC /* Data Model */,
				D3CACAD521D4F7A000AC45FC /* AppDelegate.swift */,
				D3CACAEB21D6447000AC45FC /* Views */,
				D3CACAEC21D6448100AC45FC /* Supporting files */,
				D3CACAE121D4F7A000AC45FC /* Info.plist */,
			);
			path = Todoey;
			sourceTree = "<group>";
		};
		D3CACAE921D6444C00AC45FC /* Data Model */ = {
			isa = PBXGroup;
			children = (
				D3CACAED21D77AA400AC45FC /* DataModel.xcdatamodeld */,
			);
			path = "Data Model";
			sourceTree = "<group>";
		};
		D3CACAEA21D6445A00AC45FC /* Controllers */ = {
			isa = PBXGroup;
			children = (
				D3CACB1321D8CF9A00AC45FC /* CategoryTableViewController.swift */,
				D3CACAD721D4F7A000AC45FC /* TodoListViewController.swift */,
			);
			path = Controllers;
			sourceTree = "<group>";
		};
		D3CACAEB21D6447000AC45FC /* Views */ = {
			isa = PBXGroup;
			children = (
				D3CACAD921D4F7A000AC45FC /* Main.storyboard */,
			);
			path = Views;
			sourceTree = "<group>";
		};
		D3CACAEC21D6448100AC45FC /* Supporting files */ = {
			isa = PBXGroup;
			children = (
				D3CACADC21D4F7A000AC45FC /* Assets.xcassets */,
				D3CACADE21D4F7A000AC45FC /* LaunchScreen.storyboard */,
			);
			path = "Supporting files";
			sourceTree = "<group>";
		};
		D3CACB1A21DC914400AC45FC /* TodoeyUITests */ = {
			isa = PBXGroup;
			children = (
				D3CACB2521DC92E900AC45FC /* Tests */,
				D3CACB1B21DC914400AC45FC /* TodoeyUITests.swift */,
				D3CACB1D21DC914500AC45FC /* Info.plist */,
			);
			path = TodoeyUITests;
			sourceTree = "<group>";
		};
		D3CACB2521DC92E900AC45FC /* Tests */ = {
			isa = PBXGroup;
			children = (
				D3CACB2321DC918E00AC45FC /* TestTodoey.swift */,
			);
			path = Tests;
			sourceTree = "<group>";
		};
/* End PBXGroup section */

/* Begin PBXNativeTarget section */
		D3CACAD121D4F7A000AC45FC /* Todoey */ = {
			isa = PBXNativeTarget;
			buildConfigurationList = D3CACAE421D4F7A000AC45FC /* Build configuration list for PBXNativeTarget "Todoey" */;
			buildPhases = (
				D3CACACE21D4F7A000AC45FC /* Sources */,
				D3CACACF21D4F7A000AC45FC /* Frameworks */,
				D3CACAD021D4F7A000AC45FC /* Resources */,
			);
			buildRules = (
			);
			dependencies = (
			);
			name = Todoey;
			productName = Todoey;
			productReference = D3CACAD221D4F7A000AC45FC /* Todoey.app */;
			productType = "com.apple.product-type.application";
		};
		D3CACB1821DC914400AC45FC /* TodoeyUITests */ = {
			isa = PBXNativeTarget;
			buildConfigurationList = D3CACB2021DC914500AC45FC /* Build configuration list for PBXNativeTarget "TodoeyUITests" */;
			buildPhases = (
				D3CACB1521DC914400AC45FC /* Sources */,
				D3CACB1621DC914400AC45FC /* Frameworks */,
				D3CACB1721DC914400AC45FC /* Resources */,
			);
			buildRules = (
			);
			dependencies = (
				D3CACB1F21DC914500AC45FC /* PBXTargetDependency */,
			);
			name = TodoeyUITests;
			productName = TodoeyUITests;
			productReference = D3CACB1921DC914400AC45FC /* TodoeyUITests.xctest */;
			productType = "com.apple.product-type.bundle.ui-testing";
		};
/* End PBXNativeTarget section */

/* Begin PBXProject section */
		D3CACACA21D4F7A000AC45FC /* Project object */ = {
			isa = PBXProject;
			attributes = {
				LastSwiftUpdateCheck = 1010;
				LastUpgradeCheck = 1010;
				ORGANIZATIONNAME = "Knol, Reijer (NL - Amsterdam)";
				TargetAttributes = {
					D3CACAD121D4F7A000AC45FC = {
						CreatedOnToolsVersion = 10.1;
					};
					D3CACB1821DC914400AC45FC = {
						CreatedOnToolsVersion = 10.1;
						TestTargetID = D3CACAD121D4F7A000AC45FC;
					};
				};
			};
			buildConfigurationList = D3CACACD21D4F7A000AC45FC /* Build configuration list for PBXProject "Todoey" */;
			compatibilityVersion = "Xcode 9.3";
			developmentRegion = en;
			hasScannedForEncodings = 0;
			knownRegions = (
				en,
				Base,
			);
			mainGroup = D3CACAC921D4F7A000AC45FC;
			productRefGroup = D3CACAD321D4F7A000AC45FC /* Products */;
			projectDirPath = "";
			projectRoot = "";
			targets = (
				D3CACAD121D4F7A000AC45FC /* Todoey */,
				D3CACB1821DC914400AC45FC /* TodoeyUITests */,
			);
		};
/* End PBXProject section */

/* Begin PBXResourcesBuildPhase section */
		D3CACAD021D4F7A000AC45FC /* Resources */ = {
			isa = PBXResourcesBuildPhase;
			buildActionMask = 2147483647;
			files = (
				D3CACAE021D4F7A000AC45FC /* LaunchScreen.storyboard in Resources */,
				D3CACADD21D4F7A000AC45FC /* Assets.xcassets in Resources */,
				D3CACADB21D4F7A000AC45FC /* Main.storyboard in Resources */,
			);
			runOnlyForDeploymentPostprocessing = 0;
		};
		D3CACB1721DC914400AC45FC /* Resources */ = {
			isa = PBXResourcesBuildPhase;
			buildActionMask = 2147483647;
			files = (
			);
			runOnlyForDeploymentPostprocessing = 0;
		};
/* End PBXResourcesBuildPhase section */

/* Begin PBXSourcesBuildPhase section */
		D3CACACE21D4F7A000AC45FC /* Sources */ = {
			isa = PBXSourcesBuildPhase;
			buildActionMask = 2147483647;
			files = (
				D3CACAD821D4F7A000AC45FC /* TodoListViewController.swift in Sources */,
				D3CACAEF21D77AA400AC45FC /* DataModel.xcdatamodeld in Sources */,
				D3CACAD621D4F7A000AC45FC /* AppDelegate.swift in Sources */,
				D3CACB1421D8CF9A00AC45FC /* CategoryTableViewController.swift in Sources */,
			);
			runOnlyForDeploymentPostprocessing = 0;
		};
		D3CACB1521DC914400AC45FC /* Sources */ = {
			isa = PBXSourcesBuildPhase;
			buildActionMask = 2147483647;
			files = (
				D3CACB1C21DC914400AC45FC /* TodoeyUITests.swift in Sources */,
				D3CACB2421DC918E00AC45FC /* TestTodoey.swift in Sources */,
			);
			runOnlyForDeploymentPostprocessing = 0;
		};
/* End PBXSourcesBuildPhase section */

/* Begin PBXTargetDependency section */
		D3CACB1F21DC914500AC45FC /* PBXTargetDependency */ = {
			isa = PBXTargetDependency;
			target = D3CACAD121D4F7A000AC45FC /* Todoey */;
			targetProxy = D3CACB1E21DC914500AC45FC /* PBXContainerItemProxy */;
		};
/* End PBXTargetDependency section */

/* Begin PBXVariantGroup section */
		D3CACAD921D4F7A000AC45FC /* Main.storyboard */ = {
			isa = PBXVariantGroup;
			children = (
				D3CACADA21D4F7A000AC45FC /* Base */,
			);
			name = Main.storyboard;
			sourceTree = "<group>";
		};
		D3CACADE21D4F7A000AC45FC /* LaunchScreen.storyboard */ = {
			isa = PBXVariantGroup;
			children = (
				D3CACADF21D4F7A000AC45FC /* Base */,
			);
			name = LaunchScreen.storyboard;
			sourceTree = "<group>";
		};
/* End PBXVariantGroup section */

/* Begin XCBuildConfiguration section */
		D3CACAE221D4F7A000AC45FC /* Debug */ = {
			isa = XCBuildConfiguration;
			buildSettings = {
				ALWAYS_SEARCH_USER_PATHS = NO;
				CLANG_ANALYZER_NONNULL = YES;
				CLANG_ANALYZER_NUMBER_OBJECT_CONVERSION = YES_AGGRESSIVE;
				CLANG_CXX_LANGUAGE_STANDARD = "gnu++14";
				CLANG_CXX_LIBRARY = "libc++";
				CLANG_ENABLE_MODULES = YES;
				CLANG_ENABLE_OBJC_ARC = YES;
				CLANG_ENABLE_OBJC_WEAK = YES;
				CLANG_WARN_BLOCK_CAPTURE_AUTORELEASING = YES;
				CLANG_WARN_BOOL_CONVERSION = YES;
				CLANG_WARN_COMMA = YES;
				CLANG_WARN_CONSTANT_CONVERSION = YES;
				CLANG_WARN_DEPRECATED_OBJC_IMPLEMENTATIONS = YES;
				CLANG_WARN_DIRECT_OBJC_ISA_USAGE = YES_ERROR;
				CLANG_WARN_DOCUMENTATION_COMMENTS = YES;
				CLANG_WARN_EMPTY_BODY = YES;
				CLANG_WARN_ENUM_CONVERSION = YES;
				CLANG_WARN_INFINITE_RECURSION = YES;
				CLANG_WARN_INT_CONVERSION = YES;
				CLANG_WARN_NON_LITERAL_NULL_CONVERSION = YES;
				CLANG_WARN_OBJC_IMPLICIT_RETAIN_SELF = YES;
				CLANG_WARN_OBJC_LITERAL_CONVERSION = YES;
				CLANG_WARN_OBJC_ROOT_CLASS = YES_ERROR;
				CLANG_WARN_RANGE_LOOP_ANALYSIS = YES;
				CLANG_WARN_STRICT_PROTOTYPES = YES;
				CLANG_WARN_SUSPICIOUS_MOVE = YES;
				CLANG_WARN_UNGUARDED_AVAILABILITY = YES_AGGRESSIVE;
				CLANG_WARN_UNREACHABLE_CODE = YES;
				CLANG_WARN__DUPLICATE_METHOD_MATCH = YES;
				CODE_SIGN_IDENTITY = "iPhone Developer";
				COPY_PHASE_STRIP = NO;
				DEBUG_INFORMATION_FORMAT = dwarf;
				ENABLE_STRICT_OBJC_MSGSEND = YES;
				ENABLE_TESTABILITY = YES;
				GCC_C_LANGUAGE_STANDARD = gnu11;
				GCC_DYNAMIC_NO_PIC = NO;
				GCC_NO_COMMON_BLOCKS = YES;
				GCC_OPTIMIZATION_LEVEL = 0;
				GCC_PREPROCESSOR_DEFINITIONS = (
					"DEBUG=1",
					"$(inherited)",
				);
				GCC_WARN_64_TO_32_BIT_CONVERSION = YES;
				GCC_WARN_ABOUT_RETURN_TYPE = YES_ERROR;
				GCC_WARN_UNDECLARED_SELECTOR = YES;
				GCC_WARN_UNINITIALIZED_AUTOS = YES_AGGRESSIVE;
				GCC_WARN_UNUSED_FUNCTION = YES;
				GCC_WARN_UNUSED_VARIABLE = YES;
				IPHONEOS_DEPLOYMENT_TARGET = 12.1;
				MTL_ENABLE_DEBUG_INFO = INCLUDE_SOURCE;
				MTL_FAST_MATH = YES;
				ONLY_ACTIVE_ARCH = YES;
				SDKROOT = iphoneos;
				SWIFT_ACTIVE_COMPILATION_CONDITIONS = DEBUG;
				SWIFT_OPTIMIZATION_LEVEL = "-Onone";
			};
			name = Debug;
		};
		D3CACAE321D4F7A000AC45FC /* Release */ = {
			isa = XCBuildConfiguration;
			buildSettings = {
				ALWAYS_SEARCH_USER_PATHS = NO;
				CLANG_ANALYZER_NONNULL = YES;
				CLANG_ANALYZER_NUMBER_OBJECT_CONVERSION = YES_AGGRESSIVE;
				CLANG_CXX_LANGUAGE_STANDARD = "gnu++14";
				CLANG_CXX_LIBRARY = "libc++";
				CLANG_ENABLE_MODULES = YES;
				CLANG_ENABLE_OBJC_ARC = YES;
				CLANG_ENABLE_OBJC_WEAK = YES;
				CLANG_WARN_BLOCK_CAPTURE_AUTORELEASING = YES;
				CLANG_WARN_BOOL_CONVERSION = YES;
				CLANG_WARN_COMMA = YES;
				CLANG_WARN_CONSTANT_CONVERSION = YES;
				CLANG_WARN_DEPRECATED_OBJC_IMPLEMENTATIONS = YES;
				CLANG_WARN_DIRECT_OBJC_ISA_USAGE = YES_ERROR;
				CLANG_WARN_DOCUMENTATION_COMMENTS = YES;
				CLANG_WARN_EMPTY_BODY = YES;
				CLANG_WARN_ENUM_CONVERSION = YES;
				CLANG_WARN_INFINITE_RECURSION = YES;
				CLANG_WARN_INT_CONVERSION = YES;
				CLANG_WARN_NON_LITERAL_NULL_CONVERSION = YES;
				CLANG_WARN_OBJC_IMPLICIT_RETAIN_SELF = YES;
				CLANG_WARN_OBJC_LITERAL_CONVERSION = YES;
				CLANG_WARN_OBJC_ROOT_CLASS = YES_ERROR;
				CLANG_WARN_RANGE_LOOP_ANALYSIS = YES;
				CLANG_WARN_STRICT_PROTOTYPES = YES;
				CLANG_WARN_SUSPICIOUS_MOVE = YES;
				CLANG_WARN_UNGUARDED_AVAILABILITY = YES_AGGRESSIVE;
				CLANG_WARN_UNREACHABLE_CODE = YES;
				CLANG_WARN__DUPLICATE_METHOD_MATCH = YES;
				CODE_SIGN_IDENTITY = "iPhone Developer";
				COPY_PHASE_STRIP = NO;
				DEBUG_INFORMATION_FORMAT = "dwarf-with-dsym";
				ENABLE_NS_ASSERTIONS = NO;
				ENABLE_STRICT_OBJC_MSGSEND = YES;
				GCC_C_LANGUAGE_STANDARD = gnu11;
				GCC_NO_COMMON_BLOCKS = YES;
				GCC_WARN_64_TO_32_BIT_CONVERSION = YES;
				GCC_WARN_ABOUT_RETURN_TYPE = YES_ERROR;
				GCC_WARN_UNDECLARED_SELECTOR = YES;
				GCC_WARN_UNINITIALIZED_AUTOS = YES_AGGRESSIVE;
				GCC_WARN_UNUSED_FUNCTION = YES;
				GCC_WARN_UNUSED_VARIABLE = YES;
				IPHONEOS_DEPLOYMENT_TARGET = 12.1;
				MTL_ENABLE_DEBUG_INFO = NO;
				MTL_FAST_MATH = YES;
				SDKROOT = iphoneos;
				SWIFT_COMPILATION_MODE = wholemodule;
				SWIFT_OPTIMIZATION_LEVEL = "-O";
				VALIDATE_PRODUCT = YES;
			};
			name = Release;
		};
		D3CACAE521D4F7A000AC45FC /* Debug */ = {
			isa = XCBuildConfiguration;
			buildSettings = {
				ASSETCATALOG_COMPILER_APPICON_NAME = AppIcon;
				CODE_SIGN_STYLE = Automatic;
				DEVELOPMENT_TEAM = 9648967794;
				INFOPLIST_FILE = Todoey/Info.plist;
				LD_RUNPATH_SEARCH_PATHS = (
					"$(inherited)",
					"@executable_path/Frameworks",
				);
				PRODUCT_BUNDLE_IDENTIFIER = com.deloitte.reijer.Todoey;
				PRODUCT_NAME = "$(TARGET_NAME)";
				SWIFT_VERSION = 4.2;
				TARGETED_DEVICE_FAMILY = "1,2";
			};
			name = Debug;
		};
		D3CACAE621D4F7A000AC45FC /* Release */ = {
			isa = XCBuildConfiguration;
			buildSettings = {
				ASSETCATALOG_COMPILER_APPICON_NAME = AppIcon;
				CODE_SIGN_STYLE = Automatic;
				DEVELOPMENT_TEAM = 9648967794;
				INFOPLIST_FILE = Todoey/Info.plist;
				LD_RUNPATH_SEARCH_PATHS = (
					"$(inherited)",
					"@executable_path/Frameworks",
				);
				PRODUCT_BUNDLE_IDENTIFIER = com.deloitte.reijer.Todoey;
				PRODUCT_NAME = "$(TARGET_NAME)";
				SWIFT_VERSION = 4.2;
				TARGETED_DEVICE_FAMILY = "1,2";
			};
			name = Release;
		};
		D3CACB2121DC914500AC45FC /* Debug */ = {
			isa = XCBuildConfiguration;
			buildSettings = {
				CODE_SIGN_STYLE = Automatic;
				DEVELOPMENT_TEAM = 9648967794;
				INFOPLIST_FILE = TodoeyUITests/Info.plist;
				LD_RUNPATH_SEARCH_PATHS = (
					"$(inherited)",
					"@executable_path/Frameworks",
					"@loader_path/Frameworks",
				);
				PRODUCT_BUNDLE_IDENTIFIER = com.deloitte.reijer.TodoeyUITests;
				PRODUCT_NAME = "$(TARGET_NAME)";
				SWIFT_VERSION = 4.2;
				TARGETED_DEVICE_FAMILY = "1,2";
				TEST_TARGET_NAME = Todoey;
			};
			name = Debug;
		};
		D3CACB2221DC914500AC45FC /* Release */ = {
			isa = XCBuildConfiguration;
			buildSettings = {
				CODE_SIGN_STYLE = Automatic;
				DEVELOPMENT_TEAM = 9648967794;
				INFOPLIST_FILE = TodoeyUITests/Info.plist;
				LD_RUNPATH_SEARCH_PATHS = (
					"$(inherited)",
					"@executable_path/Frameworks",
					"@loader_path/Frameworks",
				);
				PRODUCT_BUNDLE_IDENTIFIER = com.deloitte.reijer.TodoeyUITests;
				PRODUCT_NAME = "$(TARGET_NAME)";
				SWIFT_VERSION = 4.2;
				TARGETED_DEVICE_FAMILY = "1,2";
				TEST_TARGET_NAME = Todoey;
			};
			name = Release;
		};
/* End XCBuildConfiguration section */

/* Begin XCConfigurationList section */
		D3CACACD21D4F7A000AC45FC /* Build configuration list for PBXProject "Todoey" */ = {
			isa = XCConfigurationList;
			buildConfigurations = (
				D3CACAE221D4F7A000AC45FC /* Debug */,
				D3CACAE321D4F7A000AC45FC /* Release */,
			);
			defaultConfigurationIsVisible = 0;
			defaultConfigurationName = Release;
		};
		D3CACAE421D4F7A000AC45FC /* Build configuration list for PBXNativeTarget "Todoey" */ = {
			isa = XCConfigurationList;
			buildConfigurations = (
				D3CACAE521D4F7A000AC45FC /* Debug */,
				D3CACAE621D4F7A000AC45FC /* Release */,
			);
			defaultConfigurationIsVisible = 0;
			defaultConfigurationName = Release;
		};
		D3CACB2021DC914500AC45FC /* Build configuration list for PBXNativeTarget "TodoeyUITests" */ = {
			isa = XCConfigurationList;
			buildConfigurations = (
				D3CACB2121DC914500AC45FC /* Debug */,
				D3CACB2221DC914500AC45FC /* Release */,
			);
			defaultConfigurationIsVisible = 0;
			defaultConfigurationName = Release;
		};
/* End XCConfigurationList section */

/* Begin XCVersionGroup section */
		D3CACAED21D77AA400AC45FC /* DataModel.xcdatamodeld */ = {
			isa = XCVersionGroup;
			children = (
				D3CACAEE21D77AA400AC45FC /* DataModel.xcdatamodel */,
			);
			currentVersion = D3CACAEE21D77AA400AC45FC /* DataModel.xcdatamodel */;
			path = DataModel.xcdatamodeld;
			sourceTree = "<group>";
			versionGroupType = wrapper.xcdatamodel;
		};
/* End XCVersionGroup section */
	};
	rootObject = D3CACACA21D4F7A000AC45FC /* Project object */;
}
